
Microsoft Visual Studio Solution File, Format Version 12.00
# Visual Studio Version 17
VisualStudioVersion = 17.0.31912.275
MinimumVisualStudioVersion = 10.0.40219.1
Project("{FAE04EC0-301F-11D3-BF4B-00C04F79EFBC}") = "TTA.BlazorApp.Server", "TTA.BlazorApp\Server\TTA.BlazorApp.Server.csproj", "{D491867C-07FD-4219-A97A-2FAB59704BB8}"
EndProject
Project("{FAE04EC0-301F-11D3-BF4B-00C04F79EFBC}") = "TTA.BlazorApp.Client", "TTA.BlazorApp\Client\TTA.BlazorApp.Client.csproj", "{56B4B905-30A3-4FE5-8311-5C9DC4585A86}"
EndProject
Project("{FAE04EC0-301F-11D3-BF4B-00C04F79EFBC}") = "TTA.BlazorApp.Shared", "TTA.BlazorApp\Shared\TTA.BlazorApp.Shared.csproj", "{840E9705-32AA-44E4-86A4-D1257D932B7B}"
EndProject
Project("{FAE04EC0-301F-11D3-BF4B-00C04F79EFBC}") = "TTA.BlazorApp.Selenium.Tests", "TTA.BlazorApp.Selenium.Tests\TTA.BlazorApp.Selenium.Tests.csproj", "{9175E502-1AEA-461E-BC05-9591B05A4344}"
EndProject
Global
	GlobalSection(SolutionConfigurationPlatforms) = preSolution
		Debug|Any CPU = Debug|Any CPU
		Release|Any CPU = Release|Any CPU
	EndGlobalSection
	GlobalSection(ProjectConfigurationPlatforms) = postSolution
		{D491867C-07FD-4219-A97A-2FAB59704BB8}.Debug|Any CPU.ActiveCfg = Debug|Any CPU
		{D491867C-07FD-4219-A97A-2FAB59704BB8}.Debug|Any CPU.Build.0 = Debug|Any CPU
		{D491867C-07FD-4219-A97A-2FAB59704BB8}.Release|Any CPU.ActiveCfg = Release|Any CPU
		{D491867C-07FD-4219-A97A-2FAB59704BB8}.Release|Any CPU.Build.0 = Release|Any CPU
		{56B4B905-30A3-4FE5-8311-5C9DC4585A86}.Debug|Any CPU.ActiveCfg = Debug|Any CPU
		{56B4B905-30A3-4FE5-8311-5C9DC4585A86}.Debug|Any CPU.Build.0 = Debug|Any CPU
		{56B4B905-30A3-4FE5-8311-5C9DC4585A86}.Release|Any CPU.ActiveCfg = Release|Any CPU
		{56B4B905-30A3-4FE5-8311-5C9DC4585A86}.Release|Any CPU.Build.0 = Release|Any CPU
		{840E9705-32AA-44E4-86A4-D1257D932B7B}.Debug|Any CPU.ActiveCfg = Debug|Any CPU
		{840E9705-32AA-44E4-86A4-D1257D932B7B}.Debug|Any CPU.Build.0 = Debug|Any CPU
		{840E9705-32AA-44E4-86A4-D1257D932B7B}.Release|Any CPU.ActiveCfg = Release|Any CPU
		{840E9705-32AA-44E4-86A4-D1257D932B7B}.Release|Any CPU.Build.0 = Release|Any CPU
		{9175E502-1AEA-461E-BC05-9591B05A4344}.Debug|Any CPU.ActiveCfg = Debug|Any CPU
		{9175E502-1AEA-461E-BC05-9591B05A4344}.Debug|Any CPU.Build.0 = Debug|Any CPU
		{9175E502-1AEA-461E-BC05-9591B05A4344}.Release|Any CPU.ActiveCfg = Release|Any CPU
		{9175E502-1AEA-461E-BC05-9591B05A4344}.Release|Any CPU.Build.0 = Release|Any CPU
	EndGlobalSection
	GlobalSection(SolutionProperties) = preSolution
		HideSolutionNode = FALSE
	EndGlobalSection
	GlobalSection(ExtensibilityGlobals) = postSolution
		SolutionGuid = {27DA84A8-F43A-4E4C-B304-29C0790B0637}
	EndGlobalSection
EndGlobal
